PODS:
  - DJI-SDK-iOS (4.15.1)
  - DJIWidget (1.6.5)

DEPENDENCIES:
  - DJI-SDK-iOS (~> 4.15.1)
  - DJIWidget (~> 1.6.2)

SPEC REPOS:
  trunk:
    - DJI-SDK-iOS
    - DJIWidget

SPEC CHECKSUMS:
  DJI-SDK-iOS: f145618ee7727c4ef579b7293e5f805198463446
  DJIWidget: c592143a31f182a7e97a894168c4363ad42c6ff2

PODFILE CHECKSUM: 352bf77a596095c62e99346a5c1f9008d90fa25f

COCOAPODS: 1.11.2
