PODS:
  - DJI-SDK-iOS (4.15.1)
  - MultiPeer (0.2.0)

DEPENDENCIES:
  - DJI-SDK-iOS (~> 4.15.1)
  - MultiPeer

SPEC REPOS:
  trunk:
    - DJI-SDK-iOS
    - MultiPeer

SPEC CHECKSUMS:
  DJI-SDK-iOS: f145618ee7727c4ef579b7293e5f805198463446
  MultiPeer: f57282174c0a5cef25de4ba94dec066eb0f17437

PODFILE CHECKSUM: d4fe14574eebf9c797e7863954f8ed500152546d

COCOAPODS: 1.11.2
