PODS:
  - CoatySwift (2.3.1):
    - CocoaMQTT (~> 1.2.5)
    - RxCocoa (~> 5.1.1)
    - RxSwift (~> 5.1.1)
    - XCGLogger (~> 7.0.1)
  - CocoaAsyncSocket (7.6.5)
  - CocoaMQTT (1.2.5):
    - CocoaAsyncSocket (~> 7.6.3)
  - DJI-SDK-iOS (4.15.1)
  - DJIWidget (1.6.5)
  - ObjcExceptionBridging (1.0.1):
    - ObjcExceptionBridging/ObjcExceptionBridging (= 1.0.1)
  - ObjcExceptionBridging/ObjcExceptionBridging (1.0.1)
  - RxCocoa (5.1.3):
    - RxRelay (~> 5)
    - RxSwift (~> 5)
  - RxRelay (5.1.3):
    - RxSwift (~> 5)
  - RxSwift (5.1.3)
  - XCGLogger (7.0.1):
    - XCGLogger/Core (= 7.0.1)
  - XCGLogger/Core (7.0.1):
    - ObjcExceptionBridging

DEPENDENCIES:
  - CoatySwift (~> 2.0)
  - DJI-SDK-iOS (~> 4.15.1)
  - DJIWidget (~> 1.6.2)

SPEC REPOS:
  trunk:
    - CoatySwift
    - CocoaAsyncSocket
    - CocoaMQTT
    - DJI-SDK-iOS
    - DJIWidget
    - ObjcExceptionBridging
    - RxCocoa
    - RxRelay
    - RxSwift
    - XCGLogger

SPEC CHECKSUMS:
  CoatySwift: 337927427d4e690fff3e9fa34eac04a57aa76190
  CocoaAsyncSocket: 065fd1e645c7abab64f7a6a2007a48038fdc6a99
  CocoaMQTT: a61490ed3b328011c5d75169a77781983e2bb221
  DJI-SDK-iOS: f145618ee7727c4ef579b7293e5f805198463446
  DJIWidget: c592143a31f182a7e97a894168c4363ad42c6ff2
  ObjcExceptionBridging: c30e00eb3700467e695faeea30e26e18bd445001
  RxCocoa: e2ed092d5432e4296aa818021d27de4090ac0354
  RxRelay: 5a18c2eb2d68326ebaf0112f80d837ae41b92b97
  RxSwift: 915abbdfb62214aa89ccd0b194d44fb478019b27
  XCGLogger: 1943831ef907df55108b0b18657953f868de973b

PODFILE CHECKSUM: fa7957a6cf8240666135e1195dd271a4e5ae5930

COCOAPODS: 1.11.2
