// !$*UTF8*$!
{
	archiveVersion = 1;
	classes = {
	};
	objectVersion = 51;
	objects = {

/* Begin PBXBuildFile section */
		1C581546B6981EA494E5A558 /* Pods_FA2021.framework in Frameworks */ = {isa = PBXBuildFile; fileRef = 2F7CAF9AA9D2D4D7A4A73418 /* Pods_FA2021.framework */; };
		2DAD7EAC805531B61572FD20 /* Pods_FA2021Tests.framework in Frameworks */ = {isa = PBXBuildFile; fileRef = 3172DACDEA903F8CC54BC4B5 /* Pods_FA2021Tests.framework */; };
		460B2701DA6150EDD04A73D9 /* Pods_FA2021_FA2021UITests.framework in Frameworks */ = {isa = PBXBuildFile; fileRef = 6507305D5EE1526119421685 /* Pods_FA2021_FA2021UITests.framework */; };
		CC8E98F826F8E6670013973F /* MissionScheduler.swift in Sources */ = {isa = PBXBuildFile; fileRef = CC8E98F726F8E6670013973F /* MissionScheduler.swift */; };
		CCD2593226F7E01A007AD953 /* FA2021App.swift in Sources */ = {isa = PBXBuildFile; fileRef = CCD2593126F7E01A007AD953 /* FA2021App.swift */; };
		CCD2593426F7E01A007AD953 /* ContentView.swift in Sources */ = {isa = PBXBuildFile; fileRef = CCD2593326F7E01A007AD953 /* ContentView.swift */; };
		CCD2593626F7E01E007AD953 /* Assets.xcassets in Resources */ = {isa = PBXBuildFile; fileRef = CCD2593526F7E01E007AD953 /* Assets.xcassets */; };
		CCD2593926F7E01E007AD953 /* Preview Assets.xcassets in Resources */ = {isa = PBXBuildFile; fileRef = CCD2593826F7E01E007AD953 /* Preview Assets.xcassets */; };
		CCD2594426F7E01E007AD953 /* FA2021Tests.swift in Sources */ = {isa = PBXBuildFile; fileRef = CCD2594326F7E01E007AD953 /* FA2021Tests.swift */; };
		CCD2594F26F7E01E007AD953 /* FA2021UITests.swift in Sources */ = {isa = PBXBuildFile; fileRef = CCD2594E26F7E01E007AD953 /* FA2021UITests.swift */; };
		F86307B426FF017B00A4E6BB /* Sync.swift in Sources */ = {isa = PBXBuildFile; fileRef = F86307B326FF017B00A4E6BB /* Sync.swift */; };
		F86307B626FF039900A4E6BB /* SyncMessage.swift in Sources */ = {isa = PBXBuildFile; fileRef = F86307B526FF039900A4E6BB /* SyncMessage.swift */; };
		F86307BA26FF460700A4E6BB /* FirstComeFirstServe.swift in Sources */ = {isa = PBXBuildFile; fileRef = F86307B926FF460700A4E6BB /* FirstComeFirstServe.swift */; };
		F86307BC26FF468000A4E6BB /* Coordinate.swift in Sources */ = {isa = PBXBuildFile; fileRef = F86307BB26FF468000A4E6BB /* Coordinate.swift */; };
		F86307BE26FF5AC100A4E6BB /* LiveData.swift in Sources */ = {isa = PBXBuildFile; fileRef = F86307BD26FF5AC100A4E6BB /* LiveData.swift */; };
		F8826AAC26FB130F00DAF66D /* TaskManager.swift in Sources */ = {isa = PBXBuildFile; fileRef = F8826AAA26FB130F00DAF66D /* TaskManager.swift */; };
		F8826AAD26FB130F00DAF66D /* Task.swift in Sources */ = {isa = PBXBuildFile; fileRef = F8826AAB26FB130F00DAF66D /* Task.swift */; };
		F890A04026FB9405000906AA /* CoatyAPI.swift in Sources */ = {isa = PBXBuildFile; fileRef = F890A03F26FB9405000906AA /* CoatyAPI.swift */; };
		F890A06926FC787D000906AA /* DroneController.swift in Sources */ = {isa = PBXBuildFile; fileRef = F890A06826FC787D000906AA /* DroneController.swift */; };
		F890A06B26FC78A0000906AA /* MissionController.swift in Sources */ = {isa = PBXBuildFile; fileRef = F890A06A26FC78A0000906AA /* MissionController.swift */; };
		F890A06D26FC78BF000906AA /* TimeUtil.swift in Sources */ = {isa = PBXBuildFile; fileRef = F890A06C26FC78BF000906AA /* TimeUtil.swift */; };
		F890A07126FC78FA000906AA /* TasksDetails.swift in Sources */ = {isa = PBXBuildFile; fileRef = F890A07026FC78FA000906AA /* TasksDetails.swift */; };
		F890A07726FCA067000906AA /* TaskTable.swift in Sources */ = {isa = PBXBuildFile; fileRef = F890A07626FCA067000906AA /* TaskTable.swift */; };
		F894E69D26FF72D200EEA43D /* JSONSerializer.swift in Sources */ = {isa = PBXBuildFile; fileRef = F894E69C26FF72D200EEA43D /* JSONSerializer.swift */; };
/* End PBXBuildFile section */

/* Begin PBXContainerItemProxy section */
		CCD2594026F7E01E007AD953 /* PBXContainerItemProxy */ = {
			isa = PBXContainerItemProxy;
			containerPortal = CCD2592626F7E01A007AD953 /* Project object */;
			proxyType = 1;
			remoteGlobalIDString = CCD2592D26F7E01A007AD953;
			remoteInfo = FA2021;
		};
		CCD2594B26F7E01E007AD953 /* PBXContainerItemProxy */ = {
			isa = PBXContainerItemProxy;
			containerPortal = CCD2592626F7E01A007AD953 /* Project object */;
			proxyType = 1;
			remoteGlobalIDString = CCD2592D26F7E01A007AD953;
			remoteInfo = FA2021;
		};
/* End PBXContainerItemProxy section */

/* Begin PBXFileReference section */
		14222778FC0AFB7C6F7D353B /* Pods-FA2021-FA2021UITests.release.xcconfig */ = {isa = PBXFileReference; includeInIndex = 1; lastKnownFileType = text.xcconfig; name = "Pods-FA2021-FA2021UITests.release.xcconfig"; path = "Target Support Files/Pods-FA2021-FA2021UITests/Pods-FA2021-FA2021UITests.release.xcconfig"; sourceTree = "<group>"; };
		2F7CAF9AA9D2D4D7A4A73418 /* Pods_FA2021.framework */ = {isa = PBXFileReference; explicitFileType = wrapper.framework; includeInIndex = 0; path = Pods_FA2021.framework; sourceTree = BUILT_PRODUCTS_DIR; };
		3172DACDEA903F8CC54BC4B5 /* Pods_FA2021Tests.framework */ = {isa = PBXFileReference; explicitFileType = wrapper.framework; includeInIndex = 0; path = Pods_FA2021Tests.framework; sourceTree = BUILT_PRODUCTS_DIR; };
		61DC36C0FD47594D2DF09C56 /* Pods-FA2021-FA2021UITests.debug.xcconfig */ = {isa = PBXFileReference; includeInIndex = 1; lastKnownFileType = text.xcconfig; name = "Pods-FA2021-FA2021UITests.debug.xcconfig"; path = "Target Support Files/Pods-FA2021-FA2021UITests/Pods-FA2021-FA2021UITests.debug.xcconfig"; sourceTree = "<group>"; };
		6507305D5EE1526119421685 /* Pods_FA2021_FA2021UITests.framework */ = {isa = PBXFileReference; explicitFileType = wrapper.framework; includeInIndex = 0; path = Pods_FA2021_FA2021UITests.framework; sourceTree = BUILT_PRODUCTS_DIR; };
		91B2B2A6273EBC2AF8843FDF /* Pods-FA2021Tests.debug.xcconfig */ = {isa = PBXFileReference; includeInIndex = 1; lastKnownFileType = text.xcconfig; name = "Pods-FA2021Tests.debug.xcconfig"; path = "Target Support Files/Pods-FA2021Tests/Pods-FA2021Tests.debug.xcconfig"; sourceTree = "<group>"; };
		95FF2B881BFC4338EF5B886D /* Pods-FA2021.debug.xcconfig */ = {isa = PBXFileReference; includeInIndex = 1; lastKnownFileType = text.xcconfig; name = "Pods-FA2021.debug.xcconfig"; path = "Target Support Files/Pods-FA2021/Pods-FA2021.debug.xcconfig"; sourceTree = "<group>"; };
		AF6E5478F4FCDD50050770B2 /* Pods-FA2021.release.xcconfig */ = {isa = PBXFileReference; includeInIndex = 1; lastKnownFileType = text.xcconfig; name = "Pods-FA2021.release.xcconfig"; path = "Target Support Files/Pods-FA2021/Pods-FA2021.release.xcconfig"; sourceTree = "<group>"; };
		C7EB816DDD74F69073F8CF26 /* Pods-FA2021Tests.release.xcconfig */ = {isa = PBXFileReference; includeInIndex = 1; lastKnownFileType = text.xcconfig; name = "Pods-FA2021Tests.release.xcconfig"; path = "Target Support Files/Pods-FA2021Tests/Pods-FA2021Tests.release.xcconfig"; sourceTree = "<group>"; };
		CC8E98F726F8E6670013973F /* MissionScheduler.swift */ = {isa = PBXFileReference; lastKnownFileType = sourcecode.swift; path = MissionScheduler.swift; sourceTree = "<group>"; };
		CCD2592E26F7E01A007AD953 /* FA2021.app */ = {isa = PBXFileReference; explicitFileType = wrapper.application; includeInIndex = 0; path = FA2021.app; sourceTree = BUILT_PRODUCTS_DIR; };
		CCD2593126F7E01A007AD953 /* FA2021App.swift */ = {isa = PBXFileReference; lastKnownFileType = sourcecode.swift; path = FA2021App.swift; sourceTree = "<group>"; };
		CCD2593326F7E01A007AD953 /* ContentView.swift */ = {isa = PBXFileReference; lastKnownFileType = sourcecode.swift; path = ContentView.swift; sourceTree = "<group>"; };
		CCD2593526F7E01E007AD953 /* Assets.xcassets */ = {isa = PBXFileReference; lastKnownFileType = folder.assetcatalog; path = Assets.xcassets; sourceTree = "<group>"; };
		CCD2593826F7E01E007AD953 /* Preview Assets.xcassets */ = {isa = PBXFileReference; lastKnownFileType = folder.assetcatalog; path = "Preview Assets.xcassets"; sourceTree = "<group>"; };
		CCD2593A26F7E01E007AD953 /* Info.plist */ = {isa = PBXFileReference; lastKnownFileType = text.plist.xml; path = Info.plist; sourceTree = "<group>"; };
		CCD2593F26F7E01E007AD953 /* FA2021Tests.xctest */ = {isa = PBXFileReference; explicitFileType = wrapper.cfbundle; includeInIndex = 0; path = FA2021Tests.xctest; sourceTree = BUILT_PRODUCTS_DIR; };
		CCD2594326F7E01E007AD953 /* FA2021Tests.swift */ = {isa = PBXFileReference; lastKnownFileType = sourcecode.swift; path = FA2021Tests.swift; sourceTree = "<group>"; };
		CCD2594526F7E01E007AD953 /* Info.plist */ = {isa = PBXFileReference; lastKnownFileType = text.plist.xml; path = Info.plist; sourceTree = "<group>"; };
		CCD2594A26F7E01E007AD953 /* FA2021UITests.xctest */ = {isa = PBXFileReference; explicitFileType = wrapper.cfbundle; includeInIndex = 0; path = FA2021UITests.xctest; sourceTree = BUILT_PRODUCTS_DIR; };
		CCD2594E26F7E01E007AD953 /* FA2021UITests.swift */ = {isa = PBXFileReference; lastKnownFileType = sourcecode.swift; path = FA2021UITests.swift; sourceTree = "<group>"; };
		CCD2595026F7E01E007AD953 /* Info.plist */ = {isa = PBXFileReference; lastKnownFileType = text.plist.xml; path = Info.plist; sourceTree = "<group>"; };
		F86307B326FF017B00A4E6BB /* Sync.swift */ = {isa = PBXFileReference; lastKnownFileType = sourcecode.swift; path = Sync.swift; sourceTree = "<group>"; };
		F86307B526FF039900A4E6BB /* SyncMessage.swift */ = {isa = PBXFileReference; lastKnownFileType = sourcecode.swift; path = SyncMessage.swift; sourceTree = "<group>"; };
		F86307B926FF460700A4E6BB /* FirstComeFirstServe.swift */ = {isa = PBXFileReference; fileEncoding = 4; lastKnownFileType = sourcecode.swift; path = FirstComeFirstServe.swift; sourceTree = "<group>"; };
		F86307BB26FF468000A4E6BB /* Coordinate.swift */ = {isa = PBXFileReference; fileEncoding = 4; lastKnownFileType = sourcecode.swift; path = Coordinate.swift; sourceTree = "<group>"; };
		F86307BD26FF5AC100A4E6BB /* LiveData.swift */ = {isa = PBXFileReference; lastKnownFileType = sourcecode.swift; path = LiveData.swift; sourceTree = "<group>"; };
		F8826AAA26FB130F00DAF66D /* TaskManager.swift */ = {isa = PBXFileReference; fileEncoding = 4; lastKnownFileType = sourcecode.swift; path = TaskManager.swift; sourceTree = "<group>"; };
		F8826AAB26FB130F00DAF66D /* Task.swift */ = {isa = PBXFileReference; fileEncoding = 4; lastKnownFileType = sourcecode.swift; path = Task.swift; sourceTree = "<group>"; };
		F890A03F26FB9405000906AA /* CoatyAPI.swift */ = {isa = PBXFileReference; fileEncoding = 4; lastKnownFileType = sourcecode.swift; path = CoatyAPI.swift; sourceTree = "<group>"; };
		F890A06826FC787D000906AA /* DroneController.swift */ = {isa = PBXFileReference; lastKnownFileType = sourcecode.swift; path = DroneController.swift; sourceTree = "<group>"; };
		F890A06A26FC78A0000906AA /* MissionController.swift */ = {isa = PBXFileReference; lastKnownFileType = sourcecode.swift; path = MissionController.swift; sourceTree = "<group>"; };
		F890A06C26FC78BF000906AA /* TimeUtil.swift */ = {isa = PBXFileReference; lastKnownFileType = sourcecode.swift; path = TimeUtil.swift; sourceTree = "<group>"; };
		F890A07026FC78FA000906AA /* TasksDetails.swift */ = {isa = PBXFileReference; lastKnownFileType = sourcecode.swift; path = TasksDetails.swift; sourceTree = "<group>"; };
		F890A07626FCA067000906AA /* TaskTable.swift */ = {isa = PBXFileReference; lastKnownFileType = sourcecode.swift; path = TaskTable.swift; sourceTree = "<group>"; };
		F894E69C26FF72D200EEA43D /* JSONSerializer.swift */ = {isa = PBXFileReference; lastKnownFileType = sourcecode.swift; path = JSONSerializer.swift; sourceTree = "<group>"; };
/* End PBXFileReference section */

/* Begin PBXFrameworksBuildPhase section */
		CCD2592B26F7E01A007AD953 /* Frameworks */ = {
			isa = PBXFrameworksBuildPhase;
			buildActionMask = 2147483647;
			files = (
				1C581546B6981EA494E5A558 /* Pods_FA2021.framework in Frameworks */,
			);
			runOnlyForDeploymentPostprocessing = 0;
		};
		CCD2593C26F7E01E007AD953 /* Frameworks */ = {
			isa = PBXFrameworksBuildPhase;
			buildActionMask = 2147483647;
			files = (
				2DAD7EAC805531B61572FD20 /* Pods_FA2021Tests.framework in Frameworks */,
			);
			runOnlyForDeploymentPostprocessing = 0;
		};
		CCD2594726F7E01E007AD953 /* Frameworks */ = {
			isa = PBXFrameworksBuildPhase;
			buildActionMask = 2147483647;
			files = (
				460B2701DA6150EDD04A73D9 /* Pods_FA2021_FA2021UITests.framework in Frameworks */,
			);
			runOnlyForDeploymentPostprocessing = 0;
		};
/* End PBXFrameworksBuildPhase section */

/* Begin PBXGroup section */
		393859103AF98852C3DE42CA /* Pods */ = {
			isa = PBXGroup;
			children = (
				95FF2B881BFC4338EF5B886D /* Pods-FA2021.debug.xcconfig */,
				AF6E5478F4FCDD50050770B2 /* Pods-FA2021.release.xcconfig */,
				61DC36C0FD47594D2DF09C56 /* Pods-FA2021-FA2021UITests.debug.xcconfig */,
				14222778FC0AFB7C6F7D353B /* Pods-FA2021-FA2021UITests.release.xcconfig */,
				91B2B2A6273EBC2AF8843FDF /* Pods-FA2021Tests.debug.xcconfig */,
				C7EB816DDD74F69073F8CF26 /* Pods-FA2021Tests.release.xcconfig */,
			);
			path = Pods;
			sourceTree = "<group>";
		};
		CC8E98F626F8E61A0013973F /* DroneControl */ = {
			isa = PBXGroup;
			children = (
				CC8E98F726F8E6670013973F /* MissionScheduler.swift */,
			);
			path = DroneControl;
			sourceTree = "<group>";
		};
		CCD2592526F7E01A007AD953 = {
			isa = PBXGroup;
			children = (
				CCD2593026F7E01A007AD953 /* FA2021 */,
				CCD2594226F7E01E007AD953 /* FA2021Tests */,
				CCD2594D26F7E01E007AD953 /* FA2021UITests */,
				CCD2592F26F7E01A007AD953 /* Products */,
				393859103AF98852C3DE42CA /* Pods */,
				F06D7CBE4DDA3265361537F0 /* Frameworks */,
			);
			sourceTree = "<group>";
		};
		CCD2592F26F7E01A007AD953 /* Products */ = {
			isa = PBXGroup;
			children = (
				CCD2592E26F7E01A007AD953 /* FA2021.app */,
				CCD2593F26F7E01E007AD953 /* FA2021Tests.xctest */,
				CCD2594A26F7E01E007AD953 /* FA2021UITests.xctest */,
			);
			name = Products;
			sourceTree = "<group>";
		};
		CCD2593026F7E01A007AD953 /* FA2021 */ = {
			isa = PBXGroup;
			children = (
				F890A05726FC7675000906AA /* DroneProtocol */,
				F8826AA926FB130F00DAF66D /* TaskManagement */,
				CC8E98F626F8E61A0013973F /* DroneControl */,
				CCD2593126F7E01A007AD953 /* FA2021App.swift */,
				CCD2593326F7E01A007AD953 /* ContentView.swift */,
				CCD2593526F7E01E007AD953 /* Assets.xcassets */,
				CCD2593A26F7E01E007AD953 /* Info.plist */,
				CCD2593726F7E01E007AD953 /* Preview Content */,
			);
			path = FA2021;
			sourceTree = "<group>";
		};
		CCD2593726F7E01E007AD953 /* Preview Content */ = {
			isa = PBXGroup;
			children = (
				CCD2593826F7E01E007AD953 /* Preview Assets.xcassets */,
			);
			path = "Preview Content";
			sourceTree = "<group>";
		};
		CCD2594226F7E01E007AD953 /* FA2021Tests */ = {
			isa = PBXGroup;
			children = (
				CCD2594326F7E01E007AD953 /* FA2021Tests.swift */,
				CCD2594526F7E01E007AD953 /* Info.plist */,
			);
			path = FA2021Tests;
			sourceTree = "<group>";
		};
		CCD2594D26F7E01E007AD953 /* FA2021UITests */ = {
			isa = PBXGroup;
			children = (
				CCD2594E26F7E01E007AD953 /* FA2021UITests.swift */,
				CCD2595026F7E01E007AD953 /* Info.plist */,
			);
			path = FA2021UITests;
			sourceTree = "<group>";
		};
		F06D7CBE4DDA3265361537F0 /* Frameworks */ = {
			isa = PBXGroup;
			children = (
				2F7CAF9AA9D2D4D7A4A73418 /* Pods_FA2021.framework */,
				6507305D5EE1526119421685 /* Pods_FA2021_FA2021UITests.framework */,
				3172DACDEA903F8CC54BC4B5 /* Pods_FA2021Tests.framework */,
			);
			name = Frameworks;
			sourceTree = "<group>";
		};
		F86307B026FEFC3400A4E6BB /* Filesynch */ = {
			isa = PBXGroup;
			children = (
				F86307B326FF017B00A4E6BB /* Sync.swift */,
				F86307B526FF039900A4E6BB /* SyncMessage.swift */,
			);
			path = Filesynch;
			sourceTree = "<group>";
		};
		F8826AA926FB130F00DAF66D /* TaskManagement */ = {
			isa = PBXGroup;
			children = (
				F890A03F26FB9405000906AA /* CoatyAPI.swift */,
				F8826AAA26FB130F00DAF66D /* TaskManager.swift */,
				F86307B926FF460700A4E6BB /* FirstComeFirstServe.swift */,
				F86307BB26FF468000A4E6BB /* Coordinate.swift */,
				F8826AAB26FB130F00DAF66D /* Task.swift */,
				F890A07626FCA067000906AA /* TaskTable.swift */,
			);
			path = TaskManagement;
			sourceTree = "<group>";
		};
		F890A05726FC7675000906AA /* DroneProtocol */ = {
			isa = PBXGroup;
			children = (
				F86307B026FEFC3400A4E6BB /* Filesynch */,
				F890A06526FC76CC000906AA /* Util */,
				F890A05E26FC76B5000906AA /* Model */,
				F890A06826FC787D000906AA /* DroneController.swift */,
				F890A06A26FC78A0000906AA /* MissionController.swift */,
			);
			path = DroneProtocol;
			sourceTree = "<group>";
		};
		F890A05E26FC76B5000906AA /* Model */ = {
			isa = PBXGroup;
			children = (
				F890A07026FC78FA000906AA /* TasksDetails.swift */,
				F86307BD26FF5AC100A4E6BB /* LiveData.swift */,
			);
			path = Model;
			sourceTree = "<group>";
		};
		F890A06526FC76CC000906AA /* Util */ = {
			isa = PBXGroup;
			children = (
				F890A06C26FC78BF000906AA /* TimeUtil.swift */,
				F894E69C26FF72D200EEA43D /* JSONSerializer.swift */,
			);
			path = Util;
			sourceTree = "<group>";
		};
/* End PBXGroup section */

/* Begin PBXNativeTarget section */
		CCD2592D26F7E01A007AD953 /* FA2021 */ = {
			isa = PBXNativeTarget;
			buildConfigurationList = CCD2595326F7E01E007AD953 /* Build configuration list for PBXNativeTarget "FA2021" */;
			buildPhases = (
				33E911450C6B17D96B10DF74 /* [CP] Check Pods Manifest.lock */,
				CCD2592A26F7E01A007AD953 /* Sources */,
				CCD2592B26F7E01A007AD953 /* Frameworks */,
				CCD2592C26F7E01A007AD953 /* Resources */,
				A7E12B776F237224A381DE3D /* [CP] Embed Pods Frameworks */,
			);
			buildRules = (
			);
			dependencies = (
			);
			name = FA2021;
			packageProductDependencies = (
			);
			productName = FA2021;
			productReference = CCD2592E26F7E01A007AD953 /* FA2021.app */;
			productType = "com.apple.product-type.application";
		};
		CCD2593E26F7E01E007AD953 /* FA2021Tests */ = {
			isa = PBXNativeTarget;
			buildConfigurationList = CCD2595626F7E01E007AD953 /* Build configuration list for PBXNativeTarget "FA2021Tests" */;
			buildPhases = (
				504DFBA21A3B0182A222FA76 /* [CP] Check Pods Manifest.lock */,
				CCD2593B26F7E01E007AD953 /* Sources */,
				CCD2593C26F7E01E007AD953 /* Frameworks */,
				CCD2593D26F7E01E007AD953 /* Resources */,
			);
			buildRules = (
			);
			dependencies = (
				CCD2594126F7E01E007AD953 /* PBXTargetDependency */,
			);
			name = FA2021Tests;
			productName = FA2021Tests;
			productReference = CCD2593F26F7E01E007AD953 /* FA2021Tests.xctest */;
			productType = "com.apple.product-type.bundle.unit-test";
		};
		CCD2594926F7E01E007AD953 /* FA2021UITests */ = {
			isa = PBXNativeTarget;
			buildConfigurationList = CCD2595926F7E01E007AD953 /* Build configuration list for PBXNativeTarget "FA2021UITests" */;
			buildPhases = (
				29A7F15C24943619DEC48ECE /* [CP] Check Pods Manifest.lock */,
				CCD2594626F7E01E007AD953 /* Sources */,
				CCD2594726F7E01E007AD953 /* Frameworks */,
				CCD2594826F7E01E007AD953 /* Resources */,
				663E871178034C257A4A6910 /* [CP] Embed Pods Frameworks */,
			);
			buildRules = (
			);
			dependencies = (
				CCD2594C26F7E01E007AD953 /* PBXTargetDependency */,
			);
			name = FA2021UITests;
			productName = FA2021UITests;
			productReference = CCD2594A26F7E01E007AD953 /* FA2021UITests.xctest */;
			productType = "com.apple.product-type.bundle.ui-testing";
		};
/* End PBXNativeTarget section */

/* Begin PBXProject section */
		CCD2592626F7E01A007AD953 /* Project object */ = {
			isa = PBXProject;
			attributes = {
				LastSwiftUpdateCheck = 1250;
				LastUpgradeCheck = 1250;
				TargetAttributes = {
					CCD2592D26F7E01A007AD953 = {
						CreatedOnToolsVersion = 12.5.1;
					};
					CCD2593E26F7E01E007AD953 = {
						CreatedOnToolsVersion = 12.5.1;
						TestTargetID = CCD2592D26F7E01A007AD953;
					};
					CCD2594926F7E01E007AD953 = {
						CreatedOnToolsVersion = 12.5.1;
						TestTargetID = CCD2592D26F7E01A007AD953;
					};
				};
			};
			buildConfigurationList = CCD2592926F7E01A007AD953 /* Build configuration list for PBXProject "FA2021" */;
			compatibilityVersion = "Xcode 9.3";
			developmentRegion = en;
			hasScannedForEncodings = 0;
			knownRegions = (
				en,
				Base,
			);
			mainGroup = CCD2592526F7E01A007AD953;
			packageReferences = (
			);
			productRefGroup = CCD2592F26F7E01A007AD953 /* Products */;
			projectDirPath = "";
			projectRoot = "";
			targets = (
				CCD2592D26F7E01A007AD953 /* FA2021 */,
				CCD2593E26F7E01E007AD953 /* FA2021Tests */,
				CCD2594926F7E01E007AD953 /* FA2021UITests */,
			);
		};
/* End PBXProject section */

/* Begin PBXResourcesBuildPhase section */
		CCD2592C26F7E01A007AD953 /* Resources */ = {
			isa = PBXResourcesBuildPhase;
			buildActionMask = 2147483647;
			files = (
				CCD2593926F7E01E007AD953 /* Preview Assets.xcassets in Resources */,
				CCD2593626F7E01E007AD953 /* Assets.xcassets in Resources */,
			);
			runOnlyForDeploymentPostprocessing = 0;
		};
		CCD2593D26F7E01E007AD953 /* Resources */ = {
			isa = PBXResourcesBuildPhase;
			buildActionMask = 2147483647;
			files = (
			);
			runOnlyForDeploymentPostprocessing = 0;
		};
		CCD2594826F7E01E007AD953 /* Resources */ = {
			isa = PBXResourcesBuildPhase;
			buildActionMask = 2147483647;
			files = (
			);
			runOnlyForDeploymentPostprocessing = 0;
		};
/* End PBXResourcesBuildPhase section */

/* Begin PBXShellScriptBuildPhase section */
		29A7F15C24943619DEC48ECE /* [CP] Check Pods Manifest.lock */ = {
			isa = PBXShellScriptBuildPhase;
			buildActionMask = 2147483647;
			files = (
			);
			inputFileListPaths = (
			);
			inputPaths = (
				"${PODS_PODFILE_DIR_PATH}/Podfile.lock",
				"${PODS_ROOT}/Manifest.lock",
			);
			name = "[CP] Check Pods Manifest.lock";
			outputFileListPaths = (
			);
			outputPaths = (
				"$(DERIVED_FILE_DIR)/Pods-FA2021-FA2021UITests-checkManifestLockResult.txt",
			);
			runOnlyForDeploymentPostprocessing = 0;
			shellPath = /bin/sh;
			shellScript = "diff \"${PODS_PODFILE_DIR_PATH}/Podfile.lock\" \"${PODS_ROOT}/Manifest.lock\" > /dev/null\nif [ $? != 0 ] ; then\n    # print error to STDERR\n    echo \"error: The sandbox is not in sync with the Podfile.lock. Run 'pod install' or update your CocoaPods installation.\" >&2\n    exit 1\nfi\n# This output is used by Xcode 'outputs' to avoid re-running this script phase.\necho \"SUCCESS\" > \"${SCRIPT_OUTPUT_FILE_0}\"\n";
			showEnvVarsInLog = 0;
		};
		33E911450C6B17D96B10DF74 /* [CP] Check Pods Manifest.lock */ = {
			isa = PBXShellScriptBuildPhase;
			buildActionMask = 2147483647;
			files = (
			);
			inputFileListPaths = (
			);
			inputPaths = (
				"${PODS_PODFILE_DIR_PATH}/Podfile.lock",
				"${PODS_ROOT}/Manifest.lock",
			);
			name = "[CP] Check Pods Manifest.lock";
			outputFileListPaths = (
			);
			outputPaths = (
				"$(DERIVED_FILE_DIR)/Pods-FA2021-checkManifestLockResult.txt",
			);
			runOnlyForDeploymentPostprocessing = 0;
			shellPath = /bin/sh;
			shellScript = "diff \"${PODS_PODFILE_DIR_PATH}/Podfile.lock\" \"${PODS_ROOT}/Manifest.lock\" > /dev/null\nif [ $? != 0 ] ; then\n    # print error to STDERR\n    echo \"error: The sandbox is not in sync with the Podfile.lock. Run 'pod install' or update your CocoaPods installation.\" >&2\n    exit 1\nfi\n# This output is used by Xcode 'outputs' to avoid re-running this script phase.\necho \"SUCCESS\" > \"${SCRIPT_OUTPUT_FILE_0}\"\n";
			showEnvVarsInLog = 0;
		};
		504DFBA21A3B0182A222FA76 /* [CP] Check Pods Manifest.lock */ = {
			isa = PBXShellScriptBuildPhase;
			buildActionMask = 2147483647;
			files = (
			);
			inputFileListPaths = (
			);
			inputPaths = (
				"${PODS_PODFILE_DIR_PATH}/Podfile.lock",
				"${PODS_ROOT}/Manifest.lock",
			);
			name = "[CP] Check Pods Manifest.lock";
			outputFileListPaths = (
			);
			outputPaths = (
				"$(DERIVED_FILE_DIR)/Pods-FA2021Tests-checkManifestLockResult.txt",
			);
			runOnlyForDeploymentPostprocessing = 0;
			shellPath = /bin/sh;
			shellScript = "diff \"${PODS_PODFILE_DIR_PATH}/Podfile.lock\" \"${PODS_ROOT}/Manifest.lock\" > /dev/null\nif [ $? != 0 ] ; then\n    # print error to STDERR\n    echo \"error: The sandbox is not in sync with the Podfile.lock. Run 'pod install' or update your CocoaPods installation.\" >&2\n    exit 1\nfi\n# This output is used by Xcode 'outputs' to avoid re-running this script phase.\necho \"SUCCESS\" > \"${SCRIPT_OUTPUT_FILE_0}\"\n";
			showEnvVarsInLog = 0;
		};
		663E871178034C257A4A6910 /* [CP] Embed Pods Frameworks */ = {
			isa = PBXShellScriptBuildPhase;
			buildActionMask = 2147483647;
			files = (
			);
			inputFileListPaths = (
				"${PODS_ROOT}/Target Support Files/Pods-FA2021-FA2021UITests/Pods-FA2021-FA2021UITests-frameworks-${CONFIGURATION}-input-files.xcfilelist",
			);
			name = "[CP] Embed Pods Frameworks";
			outputFileListPaths = (
				"${PODS_ROOT}/Target Support Files/Pods-FA2021-FA2021UITests/Pods-FA2021-FA2021UITests-frameworks-${CONFIGURATION}-output-files.xcfilelist",
			);
			runOnlyForDeploymentPostprocessing = 0;
			shellPath = /bin/sh;
			shellScript = "\"${PODS_ROOT}/Target Support Files/Pods-FA2021-FA2021UITests/Pods-FA2021-FA2021UITests-frameworks.sh\"\n";
			showEnvVarsInLog = 0;
		};
		A7E12B776F237224A381DE3D /* [CP] Embed Pods Frameworks */ = {
			isa = PBXShellScriptBuildPhase;
			buildActionMask = 2147483647;
			files = (
			);
			inputFileListPaths = (
				"${PODS_ROOT}/Target Support Files/Pods-FA2021/Pods-FA2021-frameworks-${CONFIGURATION}-input-files.xcfilelist",
			);
			name = "[CP] Embed Pods Frameworks";
			outputFileListPaths = (
				"${PODS_ROOT}/Target Support Files/Pods-FA2021/Pods-FA2021-frameworks-${CONFIGURATION}-output-files.xcfilelist",
			);
			runOnlyForDeploymentPostprocessing = 0;
			shellPath = /bin/sh;
			shellScript = "\"${PODS_ROOT}/Target Support Files/Pods-FA2021/Pods-FA2021-frameworks.sh\"\n";
			showEnvVarsInLog = 0;
		};
/* End PBXShellScriptBuildPhase section */

/* Begin PBXSourcesBuildPhase section */
		CCD2592A26F7E01A007AD953 /* Sources */ = {
			isa = PBXSourcesBuildPhase;
			buildActionMask = 2147483647;
			files = (
				F890A06B26FC78A0000906AA /* MissionController.swift in Sources */,
				F890A07726FCA067000906AA /* TaskTable.swift in Sources */,
				CCD2593426F7E01A007AD953 /* ContentView.swift in Sources */,
				F86307BE26FF5AC100A4E6BB /* LiveData.swift in Sources */,
				F890A06926FC787D000906AA /* DroneController.swift in Sources */,
				F890A07126FC78FA000906AA /* TasksDetails.swift in Sources */,
				F890A04026FB9405000906AA /* CoatyAPI.swift in Sources */,
				F894E69D26FF72D200EEA43D /* JSONSerializer.swift in Sources */,
				CC8E98F826F8E6670013973F /* MissionScheduler.swift in Sources */,
				F890A06D26FC78BF000906AA /* TimeUtil.swift in Sources */,
				F8826AAD26FB130F00DAF66D /* Task.swift in Sources */,
				F86307B426FF017B00A4E6BB /* Sync.swift in Sources */,
				F8826AAC26FB130F00DAF66D /* TaskManager.swift in Sources */,
				F86307BA26FF460700A4E6BB /* FirstComeFirstServe.swift in Sources */,
				F86307B626FF039900A4E6BB /* SyncMessage.swift in Sources */,
				CCD2593226F7E01A007AD953 /* FA2021App.swift in Sources */,
				F86307BC26FF468000A4E6BB /* Coordinate.swift in Sources */,
			);
			runOnlyForDeploymentPostprocessing = 0;
		};
		CCD2593B26F7E01E007AD953 /* Sources */ = {
			isa = PBXSourcesBuildPhase;
			buildActionMask = 2147483647;
			files = (
				CCD2594426F7E01E007AD953 /* FA2021Tests.swift in Sources */,
			);
			runOnlyForDeploymentPostprocessing = 0;
		};
		CCD2594626F7E01E007AD953 /* Sources */ = {
			isa = PBXSourcesBuildPhase;
			buildActionMask = 2147483647;
			files = (
				CCD2594F26F7E01E007AD953 /* FA2021UITests.swift in Sources */,
			);
			runOnlyForDeploymentPostprocessing = 0;
		};
/* End PBXSourcesBuildPhase section */

/* Begin PBXTargetDependency section */
		CCD2594126F7E01E007AD953 /* PBXTargetDependency */ = {
			isa = PBXTargetDependency;
			target = CCD2592D26F7E01A007AD953 /* FA2021 */;
			targetProxy = CCD2594026F7E01E007AD953 /* PBXContainerItemProxy */;
		};
		CCD2594C26F7E01E007AD953 /* PBXTargetDependency */ = {
			isa = PBXTargetDependency;
			target = CCD2592D26F7E01A007AD953 /* FA2021 */;
			targetProxy = CCD2594B26F7E01E007AD953 /* PBXContainerItemProxy */;
		};
/* End PBXTargetDependency section */

/* Begin XCBuildConfiguration section */
		CCD2595126F7E01E007AD953 /* Debug */ = {
			isa = XCBuildConfiguration;
			buildSettings = {
				ALWAYS_SEARCH_USER_PATHS = NO;
				CLANG_ANALYZER_NONNULL = YES;
				CLANG_ANALYZER_NUMBER_OBJECT_CONVERSION = YES_AGGRESSIVE;
				CLANG_CXX_LANGUAGE_STANDARD = "gnu++14";
				CLANG_CXX_LIBRARY = "libc++";
				CLANG_ENABLE_MODULES = YES;
				CLANG_ENABLE_OBJC_ARC = YES;
				CLANG_ENABLE_OBJC_WEAK = YES;
				CLANG_WARN_BLOCK_CAPTURE_AUTORELEASING = YES;
				CLANG_WARN_BOOL_CONVERSION = YES;
				CLANG_WARN_COMMA = YES;
				CLANG_WARN_CONSTANT_CONVERSION = YES;
				CLANG_WARN_DEPRECATED_OBJC_IMPLEMENTATIONS = YES;
				CLANG_WARN_DIRECT_OBJC_ISA_USAGE = YES_ERROR;
				CLANG_WARN_DOCUMENTATION_COMMENTS = YES;
				CLANG_WARN_EMPTY_BODY = YES;
				CLANG_WARN_ENUM_CONVERSION = YES;
				CLANG_WARN_INFINITE_RECURSION = YES;
				CLANG_WARN_INT_CONVERSION = YES;
				CLANG_WARN_NON_LITERAL_NULL_CONVERSION = YES;
				CLANG_WARN_OBJC_IMPLICIT_RETAIN_SELF = YES;
				CLANG_WARN_OBJC_LITERAL_CONVERSION = YES;
				CLANG_WARN_OBJC_ROOT_CLASS = YES_ERROR;
				CLANG_WARN_QUOTED_INCLUDE_IN_FRAMEWORK_HEADER = YES;
				CLANG_WARN_RANGE_LOOP_ANALYSIS = YES;
				CLANG_WARN_STRICT_PROTOTYPES = YES;
				CLANG_WARN_SUSPICIOUS_MOVE = YES;
				CLANG_WARN_UNGUARDED_AVAILABILITY = YES_AGGRESSIVE;
				CLANG_WARN_UNREACHABLE_CODE = YES;
				CLANG_WARN__DUPLICATE_METHOD_MATCH = YES;
				COPY_PHASE_STRIP = NO;
				DEBUG_INFORMATION_FORMAT = dwarf;
				ENABLE_STRICT_OBJC_MSGSEND = YES;
				ENABLE_TESTABILITY = YES;
				GCC_C_LANGUAGE_STANDARD = gnu11;
				GCC_DYNAMIC_NO_PIC = NO;
				GCC_NO_COMMON_BLOCKS = YES;
				GCC_OPTIMIZATION_LEVEL = 0;
				GCC_PREPROCESSOR_DEFINITIONS = (
					"DEBUG=1",
					"$(inherited)",
				);
				GCC_WARN_64_TO_32_BIT_CONVERSION = YES;
				GCC_WARN_ABOUT_RETURN_TYPE = YES_ERROR;
				GCC_WARN_UNDECLARED_SELECTOR = YES;
				GCC_WARN_UNINITIALIZED_AUTOS = YES_AGGRESSIVE;
				GCC_WARN_UNUSED_FUNCTION = YES;
				GCC_WARN_UNUSED_VARIABLE = YES;
				IPHONEOS_DEPLOYMENT_TARGET = 14.5;
				MTL_ENABLE_DEBUG_INFO = INCLUDE_SOURCE;
				MTL_FAST_MATH = YES;
				ONLY_ACTIVE_ARCH = YES;
				SDKROOT = iphoneos;
				SWIFT_ACTIVE_COMPILATION_CONDITIONS = DEBUG;
				SWIFT_OPTIMIZATION_LEVEL = "-Onone";
			};
			name = Debug;
		};
		CCD2595226F7E01E007AD953 /* Release */ = {
			isa = XCBuildConfiguration;
			buildSettings = {
				ALWAYS_SEARCH_USER_PATHS = NO;
				CLANG_ANALYZER_NONNULL = YES;
				CLANG_ANALYZER_NUMBER_OBJECT_CONVERSION = YES_AGGRESSIVE;
				CLANG_CXX_LANGUAGE_STANDARD = "gnu++14";
				CLANG_CXX_LIBRARY = "libc++";
				CLANG_ENABLE_MODULES = YES;
				CLANG_ENABLE_OBJC_ARC = YES;
				CLANG_ENABLE_OBJC_WEAK = YES;
				CLANG_WARN_BLOCK_CAPTURE_AUTORELEASING = YES;
				CLANG_WARN_BOOL_CONVERSION = YES;
				CLANG_WARN_COMMA = YES;
				CLANG_WARN_CONSTANT_CONVERSION = YES;
				CLANG_WARN_DEPRECATED_OBJC_IMPLEMENTATIONS = YES;
				CLANG_WARN_DIRECT_OBJC_ISA_USAGE = YES_ERROR;
				CLANG_WARN_DOCUMENTATION_COMMENTS = YES;
				CLANG_WARN_EMPTY_BODY = YES;
				CLANG_WARN_ENUM_CONVERSION = YES;
				CLANG_WARN_INFINITE_RECURSION = YES;
				CLANG_WARN_INT_CONVERSION = YES;
				CLANG_WARN_NON_LITERAL_NULL_CONVERSION = YES;
				CLANG_WARN_OBJC_IMPLICIT_RETAIN_SELF = YES;
				CLANG_WARN_OBJC_LITERAL_CONVERSION = YES;
				CLANG_WARN_OBJC_ROOT_CLASS = YES_ERROR;
				CLANG_WARN_QUOTED_INCLUDE_IN_FRAMEWORK_HEADER = YES;
				CLANG_WARN_RANGE_LOOP_ANALYSIS = YES;
				CLANG_WARN_STRICT_PROTOTYPES = YES;
				CLANG_WARN_SUSPICIOUS_MOVE = YES;
				CLANG_WARN_UNGUARDED_AVAILABILITY = YES_AGGRESSIVE;
				CLANG_WARN_UNREACHABLE_CODE = YES;
				CLANG_WARN__DUPLICATE_METHOD_MATCH = YES;
				COPY_PHASE_STRIP = NO;
				DEBUG_INFORMATION_FORMAT = "dwarf-with-dsym";
				ENABLE_NS_ASSERTIONS = NO;
				ENABLE_STRICT_OBJC_MSGSEND = YES;
				GCC_C_LANGUAGE_STANDARD = gnu11;
				GCC_NO_COMMON_BLOCKS = YES;
				GCC_WARN_64_TO_32_BIT_CONVERSION = YES;
				GCC_WARN_ABOUT_RETURN_TYPE = YES_ERROR;
				GCC_WARN_UNDECLARED_SELECTOR = YES;
				GCC_WARN_UNINITIALIZED_AUTOS = YES_AGGRESSIVE;
				GCC_WARN_UNUSED_FUNCTION = YES;
				GCC_WARN_UNUSED_VARIABLE = YES;
				IPHONEOS_DEPLOYMENT_TARGET = 14.5;
				MTL_ENABLE_DEBUG_INFO = NO;
				MTL_FAST_MATH = YES;
				SDKROOT = iphoneos;
				SWIFT_COMPILATION_MODE = wholemodule;
				SWIFT_OPTIMIZATION_LEVEL = "-O";
				VALIDATE_PRODUCT = YES;
			};
			name = Release;
		};
		CCD2595426F7E01E007AD953 /* Debug */ = {
			isa = XCBuildConfiguration;
			baseConfigurationReference = 95FF2B881BFC4338EF5B886D /* Pods-FA2021.debug.xcconfig */;
			buildSettings = {
				ASSETCATALOG_COMPILER_APPICON_NAME = AppIcon;
				ASSETCATALOG_COMPILER_GLOBAL_ACCENT_COLOR_NAME = AccentColor;
				CODE_SIGN_STYLE = Automatic;
				DEVELOPMENT_ASSET_PATHS = "\"FA2021/Preview Content\"";
				DEVELOPMENT_TEAM = 647HPUH5PY;
				ENABLE_PREVIEWS = YES;
				INFOPLIST_FILE = FA2021/Info.plist;
				IPHONEOS_DEPLOYMENT_TARGET = 14.0;
				LD_RUNPATH_SEARCH_PATHS = (
					"$(inherited)",
					"@executable_path/Frameworks",
				);
				PRODUCT_BUNDLE_IDENTIFIER = de.tum.in.ase.fa2021;
				PRODUCT_NAME = "$(TARGET_NAME)";
				SWIFT_VERSION = 5.0;
				TARGETED_DEVICE_FAMILY = "1,2";
			};
			name = Debug;
		};
		CCD2595526F7E01E007AD953 /* Release */ = {
			isa = XCBuildConfiguration;
			baseConfigurationReference = AF6E5478F4FCDD50050770B2 /* Pods-FA2021.release.xcconfig */;
			buildSettings = {
				ASSETCATALOG_COMPILER_APPICON_NAME = AppIcon;
				ASSETCATALOG_COMPILER_GLOBAL_ACCENT_COLOR_NAME = AccentColor;
				CODE_SIGN_STYLE = Automatic;
				DEVELOPMENT_ASSET_PATHS = "\"FA2021/Preview Content\"";
				DEVELOPMENT_TEAM = 647HPUH5PY;
				ENABLE_PREVIEWS = YES;
				INFOPLIST_FILE = FA2021/Info.plist;
				IPHONEOS_DEPLOYMENT_TARGET = 14.0;
				LD_RUNPATH_SEARCH_PATHS = (
					"$(inherited)",
					"@executable_path/Frameworks",
				);
				PRODUCT_BUNDLE_IDENTIFIER = de.tum.in.ase.fa2021;
				PRODUCT_NAME = "$(TARGET_NAME)";
				SWIFT_VERSION = 5.0;
				TARGETED_DEVICE_FAMILY = "1,2";
			};
			name = Release;
		};
		CCD2595726F7E01E007AD953 /* Debug */ = {
			isa = XCBuildConfiguration;
			baseConfigurationReference = 91B2B2A6273EBC2AF8843FDF /* Pods-FA2021Tests.debug.xcconfig */;
			buildSettings = {
				ALWAYS_EMBED_SWIFT_STANDARD_LIBRARIES = YES;
				BUNDLE_LOADER = "$(TEST_HOST)";
				CODE_SIGN_STYLE = Automatic;
				DEVELOPMENT_TEAM = WCM2L8RG39;
				INFOPLIST_FILE = FA2021Tests/Info.plist;
				IPHONEOS_DEPLOYMENT_TARGET = 14.0;
				LD_RUNPATH_SEARCH_PATHS = (
					"$(inherited)",
					"@executable_path/Frameworks",
					"@loader_path/Frameworks",
				);
				PRODUCT_BUNDLE_IDENTIFIER = de.tum.in.ase.FA2021Tests;
				PRODUCT_NAME = "$(TARGET_NAME)";
				SWIFT_VERSION = 5.0;
				TARGETED_DEVICE_FAMILY = "1,2";
				TEST_HOST = "$(BUILT_PRODUCTS_DIR)/FA2021.app/FA2021";
			};
			name = Debug;
		};
		CCD2595826F7E01E007AD953 /* Release */ = {
			isa = XCBuildConfiguration;
			baseConfigurationReference = C7EB816DDD74F69073F8CF26 /* Pods-FA2021Tests.release.xcconfig */;
			buildSettings = {
				ALWAYS_EMBED_SWIFT_STANDARD_LIBRARIES = YES;
				BUNDLE_LOADER = "$(TEST_HOST)";
				CODE_SIGN_STYLE = Automatic;
				DEVELOPMENT_TEAM = WCM2L8RG39;
				INFOPLIST_FILE = FA2021Tests/Info.plist;
				IPHONEOS_DEPLOYMENT_TARGET = 14.0;
				LD_RUNPATH_SEARCH_PATHS = (
					"$(inherited)",
					"@executable_path/Frameworks",
					"@loader_path/Frameworks",
				);
				PRODUCT_BUNDLE_IDENTIFIER = de.tum.in.ase.FA2021Tests;
				PRODUCT_NAME = "$(TARGET_NAME)";
				SWIFT_VERSION = 5.0;
				TARGETED_DEVICE_FAMILY = "1,2";
				TEST_HOST = "$(BUILT_PRODUCTS_DIR)/FA2021.app/FA2021";
			};
			name = Release;
		};
		CCD2595A26F7E01E007AD953 /* Debug */ = {
			isa = XCBuildConfiguration;
			baseConfigurationReference = 61DC36C0FD47594D2DF09C56 /* Pods-FA2021-FA2021UITests.debug.xcconfig */;
			buildSettings = {
				ALWAYS_EMBED_SWIFT_STANDARD_LIBRARIES = YES;
				CODE_SIGN_STYLE = Automatic;
				DEVELOPMENT_TEAM = WCM2L8RG39;
				INFOPLIST_FILE = FA2021UITests/Info.plist;
				LD_RUNPATH_SEARCH_PATHS = (
					"$(inherited)",
					"@executable_path/Frameworks",
					"@loader_path/Frameworks",
				);
				PRODUCT_BUNDLE_IDENTIFIER = de.tum.in.ase.FA2021UITests;
				PRODUCT_NAME = "$(TARGET_NAME)";
				SWIFT_VERSION = 5.0;
				TARGETED_DEVICE_FAMILY = "1,2";
				TEST_TARGET_NAME = FA2021;
			};
			name = Debug;
		};
		CCD2595B26F7E01E007AD953 /* Release */ = {
			isa = XCBuildConfiguration;
			baseConfigurationReference = 14222778FC0AFB7C6F7D353B /* Pods-FA2021-FA2021UITests.release.xcconfig */;
			buildSettings = {
				ALWAYS_EMBED_SWIFT_STANDARD_LIBRARIES = YES;
				CODE_SIGN_STYLE = Automatic;
				DEVELOPMENT_TEAM = WCM2L8RG39;
				INFOPLIST_FILE = FA2021UITests/Info.plist;
				LD_RUNPATH_SEARCH_PATHS = (
					"$(inherited)",
					"@executable_path/Frameworks",
					"@loader_path/Frameworks",
				);
				PRODUCT_BUNDLE_IDENTIFIER = de.tum.in.ase.FA2021UITests;
				PRODUCT_NAME = "$(TARGET_NAME)";
				SWIFT_VERSION = 5.0;
				TARGETED_DEVICE_FAMILY = "1,2";
				TEST_TARGET_NAME = FA2021;
			};
			name = Release;
		};
/* End XCBuildConfiguration section */

/* Begin XCConfigurationList section */
		CCD2592926F7E01A007AD953 /* Build configuration list for PBXProject "FA2021" */ = {
			isa = XCConfigurationList;
			buildConfigurations = (
				CCD2595126F7E01E007AD953 /* Debug */,
				CCD2595226F7E01E007AD953 /* Release */,
			);
			defaultConfigurationIsVisible = 0;
			defaultConfigurationName = Release;
		};
		CCD2595326F7E01E007AD953 /* Build configuration list for PBXNativeTarget "FA2021" */ = {
			isa = XCConfigurationList;
			buildConfigurations = (
				CCD2595426F7E01E007AD953 /* Debug */,
				CCD2595526F7E01E007AD953 /* Release */,
			);
			defaultConfigurationIsVisible = 0;
			defaultConfigurationName = Release;
		};
		CCD2595626F7E01E007AD953 /* Build configuration list for PBXNativeTarget "FA2021Tests" */ = {
			isa = XCConfigurationList;
			buildConfigurations = (
				CCD2595726F7E01E007AD953 /* Debug */,
				CCD2595826F7E01E007AD953 /* Release */,
			);
			defaultConfigurationIsVisible = 0;
			defaultConfigurationName = Release;
		};
		CCD2595926F7E01E007AD953 /* Build configuration list for PBXNativeTarget "FA2021UITests" */ = {
			isa = XCConfigurationList;
			buildConfigurations = (
				CCD2595A26F7E01E007AD953 /* Debug */,
				CCD2595B26F7E01E007AD953 /* Release */,
			);
			defaultConfigurationIsVisible = 0;
			defaultConfigurationName = Release;
		};
/* End XCConfigurationList section */
	};
	rootObject = CCD2592626F7E01A007AD953 /* Project object */;
}
