{
  "object": {
    "pins": [
      {
        "package": "DroneProtocol",
        "repositoryURL": "https://github.com/fa21-collaborative-drone-interactions/DroneProtocol",
        "state": {
          "branch": "main",
          "revision": "a5a09eb4dc44f29bd6e618c8f40ddf026c606cad",
          "version": null
        }
      }
    ]
  },
  "version": 1
}
