{
  "object": {
    "pins": [
      {
        "package": "DroneProtocol",
        "repositoryURL": "https://github.com/fa21-collaborative-drone-interactions/DroneProtocol",
        "state": {
          "branch": "main",
          "revision": "93ac3ca696b9e8621ffb57726c988acf18d37f95",
          "version": null
        }
      }
    ]
  },
  "version": 1
}
